
Microsoft Visual Studio Solution File, Format Version 12.00
# Visual Studio Version 17
VisualStudioVersion = 17.0.31903.59
MinimumVisualStudioVersion = 10.0.40219.1
Project("{FAE04EC0-301F-11D3-BF4B-00C04F79EFBC}") = "minimal-api", "API\minimal-api.csproj", "{36E6DC54-B41B-4161-8EA4-70269EADD868}"
EndProject
Project("{FAE04EC0-301F-11D3-BF4B-00C04F79EFBC}") = "Test", "Test\Test.csproj", "{85C4FF6D-37DF-4B37-B2DA-60E59E93F1EE}"
EndProject
Global
	GlobalSection(SolutionConfigurationPlatforms) = preSolution
		Debug|Any CPU = Debug|Any CPU
		Release|Any CPU = Release|Any CPU
	EndGlobalSection
	GlobalSection(SolutionProperties) = preSolution
		HideSolutionNode = FALSE
	EndGlobalSection
	GlobalSection(ProjectConfigurationPlatforms) = postSolution
		{36E6DC54-B41B-4161-8EA4-70269EADD868}.Debug|Any CPU.ActiveCfg = Debug|Any CPU
		{36E6DC54-B41B-4161-8EA4-70269EADD868}.Debug|Any CPU.Build.0 = Debug|Any CPU
		{36E6DC54-B41B-4161-8EA4-70269EADD868}.Release|Any CPU.ActiveCfg = Release|Any CPU
		{36E6DC54-B41B-4161-8EA4-70269EADD868}.Release|Any CPU.Build.0 = Release|Any CPU
		{85C4FF6D-37DF-4B37-B2DA-60E59E93F1EE}.Debug|Any CPU.ActiveCfg = Debug|Any CPU
		{85C4FF6D-37DF-4B37-B2DA-60E59E93F1EE}.Debug|Any CPU.Build.0 = Debug|Any CPU
		{85C4FF6D-37DF-4B37-B2DA-60E59E93F1EE}.Release|Any CPU.ActiveCfg = Release|Any CPU
		{85C4FF6D-37DF-4B37-B2DA-60E59E93F1EE}.Release|Any CPU.Build.0 = Release|Any CPU
	EndGlobalSection
EndGlobal
